// !$*UTF8*$!
{
	archiveVersion = 1;
	classes = {
	};
	objectVersion = 55;
	objects = {

/* Begin PBXBuildFile section */
		250B94152901EF52007A7D81 /* ProgramViewModel.swift in Sources */ = {isa = PBXBuildFile; fileRef = 250B94142901EF51007A7D81 /* ProgramViewModel.swift */; };
		258F201B2926DAF40025D816 /* GlobalModel.swift in Sources */ = {isa = PBXBuildFile; fileRef = 258F201A2926DAF40025D816 /* GlobalModel.swift */; };
		258F201C2926DAF40025D816 /* GlobalModel.swift in Sources */ = {isa = PBXBuildFile; fileRef = 258F201A2926DAF40025D816 /* GlobalModel.swift */; };
		258F201D2926DAF40025D816 /* GlobalModel.swift in Sources */ = {isa = PBXBuildFile; fileRef = 258F201A2926DAF40025D816 /* GlobalModel.swift */; };
		258F201E2926DAF40025D816 /* GlobalModel.swift in Sources */ = {isa = PBXBuildFile; fileRef = 258F201A2926DAF40025D816 /* GlobalModel.swift */; };
		259FE1B62921D3F900E8832D /* EditClassView.swift in Sources */ = {isa = PBXBuildFile; fileRef = 259FE1B52921D3F900E8832D /* EditClassView.swift */; };
		259FE1B82921D48F00E8832D /* NewClassView.swift in Sources */ = {isa = PBXBuildFile; fileRef = 259FE1B72921D48F00E8832D /* NewClassView.swift */; };
		25C2B366291C473600FFDBD7 /* LoadingScreenView.swift in Sources */ = {isa = PBXBuildFile; fileRef = 25C2B365291C473600FFDBD7 /* LoadingScreenView.swift */; };
		25CDADD028F94D0C00AA88C1 /* WaspCat499CsumbApp.swift in Sources */ = {isa = PBXBuildFile; fileRef = 25CDADCF28F94D0C00AA88C1 /* WaspCat499CsumbApp.swift */; };
		25CDADD228F94D0C00AA88C1 /* ContentView.swift in Sources */ = {isa = PBXBuildFile; fileRef = 25CDADD128F94D0C00AA88C1 /* ContentView.swift */; };
		25CDADD428F94D0E00AA88C1 /* Assets.xcassets in Resources */ = {isa = PBXBuildFile; fileRef = 25CDADD328F94D0E00AA88C1 /* Assets.xcassets */; };
		25CDADD728F94D0E00AA88C1 /* Preview Assets.xcassets in Resources */ = {isa = PBXBuildFile; fileRef = 25CDADD628F94D0E00AA88C1 /* Preview Assets.xcassets */; };
		25CDADE128F94D0E00AA88C1 /* WaspCat499CsumbTests.swift in Sources */ = {isa = PBXBuildFile; fileRef = 25CDADE028F94D0E00AA88C1 /* WaspCat499CsumbTests.swift */; };
		25CDADEB28F94D0E00AA88C1 /* WaspCat499CsumbUITests.swift in Sources */ = {isa = PBXBuildFile; fileRef = 25CDADEA28F94D0E00AA88C1 /* WaspCat499CsumbUITests.swift */; };
		25CDADED28F94D0E00AA88C1 /* WaspCat499CsumbUITestsLaunchTests.swift in Sources */ = {isa = PBXBuildFile; fileRef = 25CDADEC28F94D0E00AA88C1 /* WaspCat499CsumbUITestsLaunchTests.swift */; };
		25CDADF128F94D0E00AA88C1 /* WaspCat499Csumb WatchKit App.app in Embed Watch Content */ = {isa = PBXBuildFile; fileRef = 25CDADF028F94D0E00AA88C1 /* WaspCat499Csumb WatchKit App.app */; settings = {ATTRIBUTES = (RemoveHeadersOnCopy, ); }; };
		25CDADF628F94D0F00AA88C1 /* Assets.xcassets in Resources */ = {isa = PBXBuildFile; fileRef = 25CDADF528F94D0F00AA88C1 /* Assets.xcassets */; };
		25CDADFC28F94D0F00AA88C1 /* WaspCat499Csumb WatchKit Extension.appex in Embed App Extensions */ = {isa = PBXBuildFile; fileRef = 25CDADFB28F94D0F00AA88C1 /* WaspCat499Csumb WatchKit Extension.appex */; settings = {ATTRIBUTES = (RemoveHeadersOnCopy, ); }; };
		25CDAE0128F94D0F00AA88C1 /* WaspCat499CsumbApp.swift in Sources */ = {isa = PBXBuildFile; fileRef = 25CDAE0028F94D0F00AA88C1 /* WaspCat499CsumbApp.swift */; };
		25CDAE0328F94D0F00AA88C1 /* ContentView.swift in Sources */ = {isa = PBXBuildFile; fileRef = 25CDAE0228F94D0F00AA88C1 /* ContentView.swift */; };
		25CDAE0528F94D0F00AA88C1 /* NotificationController.swift in Sources */ = {isa = PBXBuildFile; fileRef = 25CDAE0428F94D0F00AA88C1 /* NotificationController.swift */; };
		25CDAE0728F94D0F00AA88C1 /* NotificationView.swift in Sources */ = {isa = PBXBuildFile; fileRef = 25CDAE0628F94D0F00AA88C1 /* NotificationView.swift */; };
		25CDAE0928F94D0F00AA88C1 /* ComplicationController.swift in Sources */ = {isa = PBXBuildFile; fileRef = 25CDAE0828F94D0F00AA88C1 /* ComplicationController.swift */; };
		25CDAE0B28F94D1000AA88C1 /* Assets.xcassets in Resources */ = {isa = PBXBuildFile; fileRef = 25CDAE0A28F94D1000AA88C1 /* Assets.xcassets */; };
		25CDAE0E28F94D1000AA88C1 /* Preview Assets.xcassets in Resources */ = {isa = PBXBuildFile; fileRef = 25CDAE0D28F94D1000AA88C1 /* Preview Assets.xcassets */; };
		25CDAE1A28F94D1000AA88C1 /* WaspCat499Csumb_WatchKit_AppTests.swift in Sources */ = {isa = PBXBuildFile; fileRef = 25CDAE1928F94D1000AA88C1 /* WaspCat499Csumb_WatchKit_AppTests.swift */; };
		25CDAE2428F94D1000AA88C1 /* WaspCat499Csumb_WatchKit_AppUITests.swift in Sources */ = {isa = PBXBuildFile; fileRef = 25CDAE2328F94D1000AA88C1 /* WaspCat499Csumb_WatchKit_AppUITests.swift */; };
		25CDAE2628F94D1000AA88C1 /* WaspCat499Csumb_WatchKit_AppUITestsLaunchTests.swift in Sources */ = {isa = PBXBuildFile; fileRef = 25CDAE2528F94D1000AA88C1 /* WaspCat499Csumb_WatchKit_AppUITestsLaunchTests.swift */; };
		25CDAE4528F94E3200AA88C1 /* ProgramView.swift in Sources */ = {isa = PBXBuildFile; fileRef = 25CDAE4428F94E3200AA88C1 /* ProgramView.swift */; };
		25CDAE4728F94E6F00AA88C1 /* ProgramObject.swift in Sources */ = {isa = PBXBuildFile; fileRef = 25CDAE4628F94E6F00AA88C1 /* ProgramObject.swift */; };
		25CDAE4928F9562200AA88C1 /* ConnectionProvider.swift in Sources */ = {isa = PBXBuildFile; fileRef = 25CDAE4828F9562200AA88C1 /* ConnectionProvider.swift */; };
		25CDAE4C28F9566500AA88C1 /* WatchConnectivity.framework in Frameworks */ = {isa = PBXBuildFile; fileRef = 25CDAE4B28F9566500AA88C1 /* WatchConnectivity.framework */; };
		25F9685529024C0A000A8CC2 /* ProgramObject.swift in Sources */ = {isa = PBXBuildFile; fileRef = 25CDAE4628F94E6F00AA88C1 /* ProgramObject.swift */; };
		25F9685629024C10000A8CC2 /* ConnectionProvider.swift in Sources */ = {isa = PBXBuildFile; fileRef = 25CDAE4828F9562200AA88C1 /* ConnectionProvider.swift */; };
		25F9685729024C14000A8CC2 /* ProgramViewModel.swift in Sources */ = {isa = PBXBuildFile; fileRef = 250B94142901EF51007A7D81 /* ProgramViewModel.swift */; };
		25F9685929024CA7000A8CC2 /* ProgContentView.swift in Sources */ = {isa = PBXBuildFile; fileRef = 25F9685829024CA7000A8CC2 /* ProgContentView.swift */; };
/* End PBXBuildFile section */

/* Begin PBXContainerItemProxy section */
		25CDADDD28F94D0E00AA88C1 /* PBXContainerItemProxy */ = {
			isa = PBXContainerItemProxy;
			containerPortal = 25CDADC428F94D0C00AA88C1 /* Project object */;
			proxyType = 1;
			remoteGlobalIDString = 25CDADCB28F94D0C00AA88C1;
			remoteInfo = WaspCat499Csumb;
		};
		25CDADE728F94D0E00AA88C1 /* PBXContainerItemProxy */ = {
			isa = PBXContainerItemProxy;
			containerPortal = 25CDADC428F94D0C00AA88C1 /* Project object */;
			proxyType = 1;
			remoteGlobalIDString = 25CDADCB28F94D0C00AA88C1;
			remoteInfo = WaspCat499Csumb;
		};
		25CDADF228F94D0E00AA88C1 /* PBXContainerItemProxy */ = {
			isa = PBXContainerItemProxy;
			containerPortal = 25CDADC428F94D0C00AA88C1 /* Project object */;
			proxyType = 1;
			remoteGlobalIDString = 25CDADEF28F94D0E00AA88C1;
			remoteInfo = "WaspCat499Csumb WatchKit App";
		};
		25CDADFD28F94D0F00AA88C1 /* PBXContainerItemProxy */ = {
			isa = PBXContainerItemProxy;
			containerPortal = 25CDADC428F94D0C00AA88C1 /* Project object */;
			proxyType = 1;
			remoteGlobalIDString = 25CDADFA28F94D0F00AA88C1;
			remoteInfo = "WaspCat499Csumb WatchKit Extension";
		};
		25CDAE1628F94D1000AA88C1 /* PBXContainerItemProxy */ = {
			isa = PBXContainerItemProxy;
			containerPortal = 25CDADC428F94D0C00AA88C1 /* Project object */;
			proxyType = 1;
			remoteGlobalIDString = 25CDADFA28F94D0F00AA88C1;
			remoteInfo = "WaspCat499Csumb WatchKit Extension";
		};
		25CDAE2028F94D1000AA88C1 /* PBXContainerItemProxy */ = {
			isa = PBXContainerItemProxy;
			containerPortal = 25CDADC428F94D0C00AA88C1 /* Project object */;
			proxyType = 1;
			remoteGlobalIDString = 25CDADEF28F94D0E00AA88C1;
			remoteInfo = "WaspCat499Csumb WatchKit App";
		};
/* End PBXContainerItemProxy section */

/* Begin PBXCopyFilesBuildPhase section */
		25CDAE2C28F94D1000AA88C1 /* Embed App Extensions */ = {
			isa = PBXCopyFilesBuildPhase;
			buildActionMask = 2147483647;
			dstPath = "";
			dstSubfolderSpec = 13;
			files = (
				25CDADFC28F94D0F00AA88C1 /* WaspCat499Csumb WatchKit Extension.appex in Embed App Extensions */,
			);
			name = "Embed App Extensions";
			runOnlyForDeploymentPostprocessing = 0;
		};
		25CDAE3028F94D1000AA88C1 /* Embed Watch Content */ = {
			isa = PBXCopyFilesBuildPhase;
			buildActionMask = 2147483647;
			dstPath = "$(CONTENTS_FOLDER_PATH)/Watch";
			dstSubfolderSpec = 16;
			files = (
				25CDADF128F94D0E00AA88C1 /* WaspCat499Csumb WatchKit App.app in Embed Watch Content */,
			);
			name = "Embed Watch Content";
			runOnlyForDeploymentPostprocessing = 0;
		};
/* End PBXCopyFilesBuildPhase section */

/* Begin PBXFileReference section */
		250B94142901EF51007A7D81 /* ProgramViewModel.swift */ = {isa = PBXFileReference; lastKnownFileType = sourcecode.swift; path = ProgramViewModel.swift; sourceTree = "<group>"; };
		258F200F2926DAA70025D816 /* WaspCat499Csumb WatchKit App-Bridging-Header.h */ = {isa = PBXFileReference; lastKnownFileType = sourcecode.c.h; path = "WaspCat499Csumb WatchKit App-Bridging-Header.h"; sourceTree = "<group>"; };
		258F201A2926DAF40025D816 /* GlobalModel.swift */ = {isa = PBXFileReference; lastKnownFileType = sourcecode.swift; path = GlobalModel.swift; sourceTree = "<group>"; };
		259FE1B52921D3F900E8832D /* EditClassView.swift */ = {isa = PBXFileReference; lastKnownFileType = sourcecode.swift; path = EditClassView.swift; sourceTree = "<group>"; };
		259FE1B72921D48F00E8832D /* NewClassView.swift */ = {isa = PBXFileReference; lastKnownFileType = sourcecode.swift; path = NewClassView.swift; sourceTree = "<group>"; };
		25C2B365291C473600FFDBD7 /* LoadingScreenView.swift */ = {isa = PBXFileReference; lastKnownFileType = sourcecode.swift; path = LoadingScreenView.swift; sourceTree = "<group>"; };
		25CDADCC28F94D0C00AA88C1 /* WaspCat499Csumb.app */ = {isa = PBXFileReference; explicitFileType = wrapper.application; includeInIndex = 0; path = WaspCat499Csumb.app; sourceTree = BUILT_PRODUCTS_DIR; };
		25CDADCF28F94D0C00AA88C1 /* WaspCat499CsumbApp.swift */ = {isa = PBXFileReference; lastKnownFileType = sourcecode.swift; path = WaspCat499CsumbApp.swift; sourceTree = "<group>"; };
		25CDADD128F94D0C00AA88C1 /* ContentView.swift */ = {isa = PBXFileReference; lastKnownFileType = sourcecode.swift; path = ContentView.swift; sourceTree = "<group>"; };
		25CDADD328F94D0E00AA88C1 /* Assets.xcassets */ = {isa = PBXFileReference; lastKnownFileType = folder.assetcatalog; path = Assets.xcassets; sourceTree = "<group>"; };
		25CDADD628F94D0E00AA88C1 /* Preview Assets.xcassets */ = {isa = PBXFileReference; lastKnownFileType = folder.assetcatalog; path = "Preview Assets.xcassets"; sourceTree = "<group>"; };
		25CDADDC28F94D0E00AA88C1 /* WaspCat499CsumbTests.xctest */ = {isa = PBXFileReference; explicitFileType = wrapper.cfbundle; includeInIndex = 0; path = WaspCat499CsumbTests.xctest; sourceTree = BUILT_PRODUCTS_DIR; };
		25CDADE028F94D0E00AA88C1 /* WaspCat499CsumbTests.swift */ = {isa = PBXFileReference; lastKnownFileType = sourcecode.swift; path = WaspCat499CsumbTests.swift; sourceTree = "<group>"; };
		25CDADE628F94D0E00AA88C1 /* WaspCat499CsumbUITests.xctest */ = {isa = PBXFileReference; explicitFileType = wrapper.cfbundle; includeInIndex = 0; path = WaspCat499CsumbUITests.xctest; sourceTree = BUILT_PRODUCTS_DIR; };
		25CDADEA28F94D0E00AA88C1 /* WaspCat499CsumbUITests.swift */ = {isa = PBXFileReference; lastKnownFileType = sourcecode.swift; path = WaspCat499CsumbUITests.swift; sourceTree = "<group>"; };
		25CDADEC28F94D0E00AA88C1 /* WaspCat499CsumbUITestsLaunchTests.swift */ = {isa = PBXFileReference; lastKnownFileType = sourcecode.swift; path = WaspCat499CsumbUITestsLaunchTests.swift; sourceTree = "<group>"; };
		25CDADF028F94D0E00AA88C1 /* WaspCat499Csumb WatchKit App.app */ = {isa = PBXFileReference; explicitFileType = wrapper.application; includeInIndex = 0; path = "WaspCat499Csumb WatchKit App.app"; sourceTree = BUILT_PRODUCTS_DIR; };
		25CDADF528F94D0F00AA88C1 /* Assets.xcassets */ = {isa = PBXFileReference; lastKnownFileType = folder.assetcatalog; path = Assets.xcassets; sourceTree = "<group>"; };
		25CDADFB28F94D0F00AA88C1 /* WaspCat499Csumb WatchKit Extension.appex */ = {isa = PBXFileReference; explicitFileType = "wrapper.app-extension"; includeInIndex = 0; path = "WaspCat499Csumb WatchKit Extension.appex"; sourceTree = BUILT_PRODUCTS_DIR; };
		25CDAE0028F94D0F00AA88C1 /* WaspCat499CsumbApp.swift */ = {isa = PBXFileReference; lastKnownFileType = sourcecode.swift; path = WaspCat499CsumbApp.swift; sourceTree = "<group>"; };
		25CDAE0228F94D0F00AA88C1 /* ContentView.swift */ = {isa = PBXFileReference; lastKnownFileType = sourcecode.swift; path = ContentView.swift; sourceTree = "<group>"; };
		25CDAE0428F94D0F00AA88C1 /* NotificationController.swift */ = {isa = PBXFileReference; lastKnownFileType = sourcecode.swift; path = NotificationController.swift; sourceTree = "<group>"; };
		25CDAE0628F94D0F00AA88C1 /* NotificationView.swift */ = {isa = PBXFileReference; lastKnownFileType = sourcecode.swift; path = NotificationView.swift; sourceTree = "<group>"; };
		25CDAE0828F94D0F00AA88C1 /* ComplicationController.swift */ = {isa = PBXFileReference; lastKnownFileType = sourcecode.swift; path = ComplicationController.swift; sourceTree = "<group>"; };
		25CDAE0A28F94D1000AA88C1 /* Assets.xcassets */ = {isa = PBXFileReference; lastKnownFileType = folder.assetcatalog; path = Assets.xcassets; sourceTree = "<group>"; };
		25CDAE0D28F94D1000AA88C1 /* Preview Assets.xcassets */ = {isa = PBXFileReference; lastKnownFileType = folder.assetcatalog; path = "Preview Assets.xcassets"; sourceTree = "<group>"; };
		25CDAE0F28F94D1000AA88C1 /* Info.plist */ = {isa = PBXFileReference; lastKnownFileType = text.plist.xml; path = Info.plist; sourceTree = "<group>"; };
		25CDAE1028F94D1000AA88C1 /* PushNotificationPayload.apns */ = {isa = PBXFileReference; lastKnownFileType = text; path = PushNotificationPayload.apns; sourceTree = "<group>"; };
		25CDAE1528F94D1000AA88C1 /* WaspCat499Csumb WatchKit AppTests.xctest */ = {isa = PBXFileReference; explicitFileType = wrapper.cfbundle; includeInIndex = 0; path = "WaspCat499Csumb WatchKit AppTests.xctest"; sourceTree = BUILT_PRODUCTS_DIR; };
		25CDAE1928F94D1000AA88C1 /* WaspCat499Csumb_WatchKit_AppTests.swift */ = {isa = PBXFileReference; lastKnownFileType = sourcecode.swift; path = WaspCat499Csumb_WatchKit_AppTests.swift; sourceTree = "<group>"; };
		25CDAE1F28F94D1000AA88C1 /* WaspCat499Csumb WatchKit AppUITests.xctest */ = {isa = PBXFileReference; explicitFileType = wrapper.cfbundle; includeInIndex = 0; path = "WaspCat499Csumb WatchKit AppUITests.xctest"; sourceTree = BUILT_PRODUCTS_DIR; };
		25CDAE2328F94D1000AA88C1 /* WaspCat499Csumb_WatchKit_AppUITests.swift */ = {isa = PBXFileReference; lastKnownFileType = sourcecode.swift; path = WaspCat499Csumb_WatchKit_AppUITests.swift; sourceTree = "<group>"; };
		25CDAE2528F94D1000AA88C1 /* WaspCat499Csumb_WatchKit_AppUITestsLaunchTests.swift */ = {isa = PBXFileReference; lastKnownFileType = sourcecode.swift; path = WaspCat499Csumb_WatchKit_AppUITestsLaunchTests.swift; sourceTree = "<group>"; };
		25CDAE4428F94E3200AA88C1 /* ProgramView.swift */ = {isa = PBXFileReference; lastKnownFileType = sourcecode.swift; path = ProgramView.swift; sourceTree = "<group>"; };
		25CDAE4628F94E6F00AA88C1 /* ProgramObject.swift */ = {isa = PBXFileReference; lastKnownFileType = sourcecode.swift; path = ProgramObject.swift; sourceTree = "<group>"; };
		25CDAE4828F9562200AA88C1 /* ConnectionProvider.swift */ = {isa = PBXFileReference; lastKnownFileType = sourcecode.swift; path = ConnectionProvider.swift; sourceTree = "<group>"; };
		25CDAE4B28F9566500AA88C1 /* WatchConnectivity.framework */ = {isa = PBXFileReference; lastKnownFileType = wrapper.framework; name = WatchConnectivity.framework; path = Platforms/iPhoneOS.platform/Developer/SDKs/iPhoneOS15.2.sdk/System/Library/Frameworks/WatchConnectivity.framework; sourceTree = DEVELOPER_DIR; };
		25F9685829024CA7000A8CC2 /* ProgContentView.swift */ = {isa = PBXFileReference; lastKnownFileType = sourcecode.swift; path = ProgContentView.swift; sourceTree = "<group>"; };
/* End PBXFileReference section */

/* Begin PBXFrameworksBuildPhase section */
		25CDADC928F94D0C00AA88C1 /* Frameworks */ = {
			isa = PBXFrameworksBuildPhase;
			buildActionMask = 2147483647;
			files = (
				25CDAE4C28F9566500AA88C1 /* WatchConnectivity.framework in Frameworks */,
			);
			runOnlyForDeploymentPostprocessing = 0;
		};
		25CDADD928F94D0E00AA88C1 /* Frameworks */ = {
			isa = PBXFrameworksBuildPhase;
			buildActionMask = 2147483647;
			files = (
			);
			runOnlyForDeploymentPostprocessing = 0;
		};
		25CDADE328F94D0E00AA88C1 /* Frameworks */ = {
			isa = PBXFrameworksBuildPhase;
			buildActionMask = 2147483647;
			files = (
			);
			runOnlyForDeploymentPostprocessing = 0;
		};
		25CDADF828F94D0F00AA88C1 /* Frameworks */ = {
			isa = PBXFrameworksBuildPhase;
			buildActionMask = 2147483647;
			files = (
			);
			runOnlyForDeploymentPostprocessing = 0;
		};
		25CDAE1228F94D1000AA88C1 /* Frameworks */ = {
			isa = PBXFrameworksBuildPhase;
			buildActionMask = 2147483647;
			files = (
			);
			runOnlyForDeploymentPostprocessing = 0;
		};
		25CDAE1C28F94D1000AA88C1 /* Frameworks */ = {
			isa = PBXFrameworksBuildPhase;
			buildActionMask = 2147483647;
			files = (
			);
			runOnlyForDeploymentPostprocessing = 0;
		};
/* End PBXFrameworksBuildPhase section */

/* Begin PBXGroup section */
		25CDADC328F94D0C00AA88C1 = {
			isa = PBXGroup;
			children = (
				25CDADCE28F94D0C00AA88C1 /* WaspCat499Csumb */,
				25CDADDF28F94D0E00AA88C1 /* WaspCat499CsumbTests */,
				25CDADE928F94D0E00AA88C1 /* WaspCat499CsumbUITests */,
				25CDADF428F94D0E00AA88C1 /* WaspCat499Csumb WatchKit App */,
				25CDADFF28F94D0F00AA88C1 /* WaspCat499Csumb WatchKit Extension */,
				25CDAE1828F94D1000AA88C1 /* WaspCat499Csumb WatchKit AppTests */,
				25CDAE2228F94D1000AA88C1 /* WaspCat499Csumb WatchKit AppUITests */,
				25CDADCD28F94D0C00AA88C1 /* Products */,
				25CDAE4A28F9566500AA88C1 /* Frameworks */,
			);
			sourceTree = "<group>";
		};
		25CDADCD28F94D0C00AA88C1 /* Products */ = {
			isa = PBXGroup;
			children = (
				25CDADCC28F94D0C00AA88C1 /* WaspCat499Csumb.app */,
				25CDADDC28F94D0E00AA88C1 /* WaspCat499CsumbTests.xctest */,
				25CDADE628F94D0E00AA88C1 /* WaspCat499CsumbUITests.xctest */,
				25CDADF028F94D0E00AA88C1 /* WaspCat499Csumb WatchKit App.app */,
				25CDADFB28F94D0F00AA88C1 /* WaspCat499Csumb WatchKit Extension.appex */,
				25CDAE1528F94D1000AA88C1 /* WaspCat499Csumb WatchKit AppTests.xctest */,
				25CDAE1F28F94D1000AA88C1 /* WaspCat499Csumb WatchKit AppUITests.xctest */,
			);
			name = Products;
			sourceTree = "<group>";
		};
		25CDADCE28F94D0C00AA88C1 /* WaspCat499Csumb */ = {
			isa = PBXGroup;
			children = (
				25CDAE4328F94DE800AA88C1 /* Classes */,
				25CDAE4228F94DDE00AA88C1 /* Views */,
				25CDADCF28F94D0C00AA88C1 /* WaspCat499CsumbApp.swift */,
				25CDADD328F94D0E00AA88C1 /* Assets.xcassets */,
				25CDADD528F94D0E00AA88C1 /* Preview Content */,
			);
			path = WaspCat499Csumb;
			sourceTree = "<group>";
		};
		25CDADD528F94D0E00AA88C1 /* Preview Content */ = {
			isa = PBXGroup;
			children = (
				25CDADD628F94D0E00AA88C1 /* Preview Assets.xcassets */,
			);
			path = "Preview Content";
			sourceTree = "<group>";
		};
		25CDADDF28F94D0E00AA88C1 /* WaspCat499CsumbTests */ = {
			isa = PBXGroup;
			children = (
				25CDADE028F94D0E00AA88C1 /* WaspCat499CsumbTests.swift */,
			);
			path = WaspCat499CsumbTests;
			sourceTree = "<group>";
		};
		25CDADE928F94D0E00AA88C1 /* WaspCat499CsumbUITests */ = {
			isa = PBXGroup;
			children = (
				25CDADEA28F94D0E00AA88C1 /* WaspCat499CsumbUITests.swift */,
				25CDADEC28F94D0E00AA88C1 /* WaspCat499CsumbUITestsLaunchTests.swift */,
			);
			path = WaspCat499CsumbUITests;
			sourceTree = "<group>";
		};
		25CDADF428F94D0E00AA88C1 /* WaspCat499Csumb WatchKit App */ = {
			isa = PBXGroup;
			children = (
				25CDADF528F94D0F00AA88C1 /* Assets.xcassets */,
			);
			path = "WaspCat499Csumb WatchKit App";
			sourceTree = "<group>";
		};
		25CDADFF28F94D0F00AA88C1 /* WaspCat499Csumb WatchKit Extension */ = {
			isa = PBXGroup;
			children = (
				25CDAE0028F94D0F00AA88C1 /* WaspCat499CsumbApp.swift */,
				25CDAE0228F94D0F00AA88C1 /* ContentView.swift */,
				25CDAE0428F94D0F00AA88C1 /* NotificationController.swift */,
				25CDAE0628F94D0F00AA88C1 /* NotificationView.swift */,
				25F9685829024CA7000A8CC2 /* ProgContentView.swift */,
				25CDAE0828F94D0F00AA88C1 /* ComplicationController.swift */,
				25CDAE0A28F94D1000AA88C1 /* Assets.xcassets */,
				25CDAE0F28F94D1000AA88C1 /* Info.plist */,
				25CDAE1028F94D1000AA88C1 /* PushNotificationPayload.apns */,
				25CDAE0C28F94D1000AA88C1 /* Preview Content */,
			);
			path = "WaspCat499Csumb WatchKit Extension";
			sourceTree = "<group>";
		};
		25CDAE0C28F94D1000AA88C1 /* Preview Content */ = {
			isa = PBXGroup;
			children = (
				25CDAE0D28F94D1000AA88C1 /* Preview Assets.xcassets */,
			);
			path = "Preview Content";
			sourceTree = "<group>";
		};
		25CDAE1828F94D1000AA88C1 /* WaspCat499Csumb WatchKit AppTests */ = {
			isa = PBXGroup;
			children = (
				25CDAE1928F94D1000AA88C1 /* WaspCat499Csumb_WatchKit_AppTests.swift */,
			);
			path = "WaspCat499Csumb WatchKit AppTests";
			sourceTree = "<group>";
		};
		25CDAE2228F94D1000AA88C1 /* WaspCat499Csumb WatchKit AppUITests */ = {
			isa = PBXGroup;
			children = (
				25CDAE2328F94D1000AA88C1 /* WaspCat499Csumb_WatchKit_AppUITests.swift */,
				25CDAE2528F94D1000AA88C1 /* WaspCat499Csumb_WatchKit_AppUITestsLaunchTests.swift */,
			);
			path = "WaspCat499Csumb WatchKit AppUITests";
			sourceTree = "<group>";
		};
		25CDAE4228F94DDE00AA88C1 /* Views */ = {
			isa = PBXGroup;
			children = (
				25CDADD128F94D0C00AA88C1 /* ContentView.swift */,
				25CDAE4428F94E3200AA88C1 /* ProgramView.swift */,
				25C2B365291C473600FFDBD7 /* LoadingScreenView.swift */,
				259FE1B52921D3F900E8832D /* EditClassView.swift */,
				259FE1B72921D48F00E8832D /* NewClassView.swift */,
			);
			path = Views;
			sourceTree = "<group>";
		};
		25CDAE4328F94DE800AA88C1 /* Classes */ = {
			isa = PBXGroup;
			children = (
				25CDAE4628F94E6F00AA88C1 /* ProgramObject.swift */,
				25CDAE4828F9562200AA88C1 /* ConnectionProvider.swift */,
				250B94142901EF51007A7D81 /* ProgramViewModel.swift */,
				258F200F2926DAA70025D816 /* WaspCat499Csumb WatchKit App-Bridging-Header.h */,
				258F201A2926DAF40025D816 /* GlobalModel.swift */,
			);
			path = Classes;
			sourceTree = "<group>";
		};
		25CDAE4A28F9566500AA88C1 /* Frameworks */ = {
			isa = PBXGroup;
			children = (
				25CDAE4B28F9566500AA88C1 /* WatchConnectivity.framework */,
			);
			name = Frameworks;
			sourceTree = "<group>";
		};
/* End PBXGroup section */

/* Begin PBXNativeTarget section */
		25CDADCB28F94D0C00AA88C1 /* WaspCat499Csumb */ = {
			isa = PBXNativeTarget;
			buildConfigurationList = 25CDAE3128F94D1000AA88C1 /* Build configuration list for PBXNativeTarget "WaspCat499Csumb" */;
			buildPhases = (
				25CDADC828F94D0C00AA88C1 /* Sources */,
				25CDADC928F94D0C00AA88C1 /* Frameworks */,
				25CDADCA28F94D0C00AA88C1 /* Resources */,
				25CDAE3028F94D1000AA88C1 /* Embed Watch Content */,
			);
			buildRules = (
			);
			dependencies = (
				25CDADF328F94D0E00AA88C1 /* PBXTargetDependency */,
			);
			name = WaspCat499Csumb;
			productName = WaspCat499Csumb;
			productReference = 25CDADCC28F94D0C00AA88C1 /* WaspCat499Csumb.app */;
			productType = "com.apple.product-type.application";
		};
		25CDADDB28F94D0E00AA88C1 /* WaspCat499CsumbTests */ = {
			isa = PBXNativeTarget;
			buildConfigurationList = 25CDAE3428F94D1000AA88C1 /* Build configuration list for PBXNativeTarget "WaspCat499CsumbTests" */;
			buildPhases = (
				25CDADD828F94D0E00AA88C1 /* Sources */,
				25CDADD928F94D0E00AA88C1 /* Frameworks */,
				25CDADDA28F94D0E00AA88C1 /* Resources */,
			);
			buildRules = (
			);
			dependencies = (
				25CDADDE28F94D0E00AA88C1 /* PBXTargetDependency */,
			);
			name = WaspCat499CsumbTests;
			productName = WaspCat499CsumbTests;
			productReference = 25CDADDC28F94D0E00AA88C1 /* WaspCat499CsumbTests.xctest */;
			productType = "com.apple.product-type.bundle.unit-test";
		};
		25CDADE528F94D0E00AA88C1 /* WaspCat499CsumbUITests */ = {
			isa = PBXNativeTarget;
			buildConfigurationList = 25CDAE3728F94D1000AA88C1 /* Build configuration list for PBXNativeTarget "WaspCat499CsumbUITests" */;
			buildPhases = (
				25CDADE228F94D0E00AA88C1 /* Sources */,
				25CDADE328F94D0E00AA88C1 /* Frameworks */,
				25CDADE428F94D0E00AA88C1 /* Resources */,
			);
			buildRules = (
			);
			dependencies = (
				25CDADE828F94D0E00AA88C1 /* PBXTargetDependency */,
			);
			name = WaspCat499CsumbUITests;
			productName = WaspCat499CsumbUITests;
			productReference = 25CDADE628F94D0E00AA88C1 /* WaspCat499CsumbUITests.xctest */;
			productType = "com.apple.product-type.bundle.ui-testing";
		};
		25CDADEF28F94D0E00AA88C1 /* WaspCat499Csumb WatchKit App */ = {
			isa = PBXNativeTarget;
			buildConfigurationList = 25CDAE2D28F94D1000AA88C1 /* Build configuration list for PBXNativeTarget "WaspCat499Csumb WatchKit App" */;
			buildPhases = (
				25CDADEE28F94D0E00AA88C1 /* Resources */,
				25CDAE2C28F94D1000AA88C1 /* Embed App Extensions */,
			);
			buildRules = (
			);
			dependencies = (
				25CDADFE28F94D0F00AA88C1 /* PBXTargetDependency */,
			);
			name = "WaspCat499Csumb WatchKit App";
			productName = "WaspCat499Csumb WatchKit App";
			productReference = 25CDADF028F94D0E00AA88C1 /* WaspCat499Csumb WatchKit App.app */;
			productType = "com.apple.product-type.application.watchapp2";
		};
		25CDADFA28F94D0F00AA88C1 /* WaspCat499Csumb WatchKit Extension */ = {
			isa = PBXNativeTarget;
			buildConfigurationList = 25CDAE2928F94D1000AA88C1 /* Build configuration list for PBXNativeTarget "WaspCat499Csumb WatchKit Extension" */;
			buildPhases = (
				25CDADF728F94D0F00AA88C1 /* Sources */,
				25CDADF828F94D0F00AA88C1 /* Frameworks */,
				25CDADF928F94D0F00AA88C1 /* Resources */,
			);
			buildRules = (
			);
			dependencies = (
			);
			name = "WaspCat499Csumb WatchKit Extension";
			productName = "WaspCat499Csumb WatchKit Extension";
			productReference = 25CDADFB28F94D0F00AA88C1 /* WaspCat499Csumb WatchKit Extension.appex */;
			productType = "com.apple.product-type.watchkit2-extension";
		};
		25CDAE1428F94D1000AA88C1 /* WaspCat499Csumb WatchKit AppTests */ = {
			isa = PBXNativeTarget;
			buildConfigurationList = 25CDAE3A28F94D1000AA88C1 /* Build configuration list for PBXNativeTarget "WaspCat499Csumb WatchKit AppTests" */;
			buildPhases = (
				25CDAE1128F94D1000AA88C1 /* Sources */,
				25CDAE1228F94D1000AA88C1 /* Frameworks */,
				25CDAE1328F94D1000AA88C1 /* Resources */,
			);
			buildRules = (
			);
			dependencies = (
				25CDAE1728F94D1000AA88C1 /* PBXTargetDependency */,
			);
			name = "WaspCat499Csumb WatchKit AppTests";
			productName = "WaspCat499Csumb WatchKit AppTests";
			productReference = 25CDAE1528F94D1000AA88C1 /* WaspCat499Csumb WatchKit AppTests.xctest */;
			productType = "com.apple.product-type.bundle.unit-test";
		};
		25CDAE1E28F94D1000AA88C1 /* WaspCat499Csumb WatchKit AppUITests */ = {
			isa = PBXNativeTarget;
			buildConfigurationList = 25CDAE3D28F94D1000AA88C1 /* Build configuration list for PBXNativeTarget "WaspCat499Csumb WatchKit AppUITests" */;
			buildPhases = (
				25CDAE1B28F94D1000AA88C1 /* Sources */,
				25CDAE1C28F94D1000AA88C1 /* Frameworks */,
				25CDAE1D28F94D1000AA88C1 /* Resources */,
			);
			buildRules = (
			);
			dependencies = (
				25CDAE2128F94D1000AA88C1 /* PBXTargetDependency */,
			);
			name = "WaspCat499Csumb WatchKit AppUITests";
			productName = "WaspCat499Csumb WatchKit AppUITests";
			productReference = 25CDAE1F28F94D1000AA88C1 /* WaspCat499Csumb WatchKit AppUITests.xctest */;
			productType = "com.apple.product-type.bundle.ui-testing";
		};
/* End PBXNativeTarget section */

/* Begin PBXProject section */
		25CDADC428F94D0C00AA88C1 /* Project object */ = {
			isa = PBXProject;
			attributes = {
				BuildIndependentTargetsInParallel = 1;
				LastSwiftUpdateCheck = 1320;
				LastUpgradeCheck = 1320;
				TargetAttributes = {
					25CDADCB28F94D0C00AA88C1 = {
						CreatedOnToolsVersion = 13.2.1;
					};
					25CDADDB28F94D0E00AA88C1 = {
						CreatedOnToolsVersion = 13.2.1;
						TestTargetID = 25CDADCB28F94D0C00AA88C1;
					};
					25CDADE528F94D0E00AA88C1 = {
						CreatedOnToolsVersion = 13.2.1;
						TestTargetID = 25CDADCB28F94D0C00AA88C1;
					};
					25CDADEF28F94D0E00AA88C1 = {
						CreatedOnToolsVersion = 13.2.1;
						LastSwiftMigration = 1410;
					};
					25CDADFA28F94D0F00AA88C1 = {
						CreatedOnToolsVersion = 13.2.1;
					};
					25CDAE1428F94D1000AA88C1 = {
						CreatedOnToolsVersion = 13.2.1;
						TestTargetID = 25CDADFA28F94D0F00AA88C1;
					};
					25CDAE1E28F94D1000AA88C1 = {
						CreatedOnToolsVersion = 13.2.1;
						TestTargetID = 25CDADEF28F94D0E00AA88C1;
					};
				};
			};
			buildConfigurationList = 25CDADC728F94D0C00AA88C1 /* Build configuration list for PBXProject "WaspCat499Csumb" */;
			compatibilityVersion = "Xcode 13.0";
			developmentRegion = en;
			hasScannedForEncodings = 0;
			knownRegions = (
				en,
				Base,
			);
			mainGroup = 25CDADC328F94D0C00AA88C1;
			productRefGroup = 25CDADCD28F94D0C00AA88C1 /* Products */;
			projectDirPath = "";
			projectRoot = "";
			targets = (
				25CDADCB28F94D0C00AA88C1 /* WaspCat499Csumb */,
				25CDADDB28F94D0E00AA88C1 /* WaspCat499CsumbTests */,
				25CDADE528F94D0E00AA88C1 /* WaspCat499CsumbUITests */,
				25CDADEF28F94D0E00AA88C1 /* WaspCat499Csumb WatchKit App */,
				25CDADFA28F94D0F00AA88C1 /* WaspCat499Csumb WatchKit Extension */,
				25CDAE1428F94D1000AA88C1 /* WaspCat499Csumb WatchKit AppTests */,
				25CDAE1E28F94D1000AA88C1 /* WaspCat499Csumb WatchKit AppUITests */,
			);
		};
/* End PBXProject section */

/* Begin PBXResourcesBuildPhase section */
		25CDADCA28F94D0C00AA88C1 /* Resources */ = {
			isa = PBXResourcesBuildPhase;
			buildActionMask = 2147483647;
			files = (
				25CDADD728F94D0E00AA88C1 /* Preview Assets.xcassets in Resources */,
				25CDADD428F94D0E00AA88C1 /* Assets.xcassets in Resources */,
			);
			runOnlyForDeploymentPostprocessing = 0;
		};
		25CDADDA28F94D0E00AA88C1 /* Resources */ = {
			isa = PBXResourcesBuildPhase;
			buildActionMask = 2147483647;
			files = (
			);
			runOnlyForDeploymentPostprocessing = 0;
		};
		25CDADE428F94D0E00AA88C1 /* Resources */ = {
			isa = PBXResourcesBuildPhase;
			buildActionMask = 2147483647;
			files = (
			);
			runOnlyForDeploymentPostprocessing = 0;
		};
		25CDADEE28F94D0E00AA88C1 /* Resources */ = {
			isa = PBXResourcesBuildPhase;
			buildActionMask = 2147483647;
			files = (
				25CDADF628F94D0F00AA88C1 /* Assets.xcassets in Resources */,
			);
			runOnlyForDeploymentPostprocessing = 0;
		};
		25CDADF928F94D0F00AA88C1 /* Resources */ = {
			isa = PBXResourcesBuildPhase;
			buildActionMask = 2147483647;
			files = (
				25CDAE0E28F94D1000AA88C1 /* Preview Assets.xcassets in Resources */,
				25CDAE0B28F94D1000AA88C1 /* Assets.xcassets in Resources */,
			);
			runOnlyForDeploymentPostprocessing = 0;
		};
		25CDAE1328F94D1000AA88C1 /* Resources */ = {
			isa = PBXResourcesBuildPhase;
			buildActionMask = 2147483647;
			files = (
			);
			runOnlyForDeploymentPostprocessing = 0;
		};
		25CDAE1D28F94D1000AA88C1 /* Resources */ = {
			isa = PBXResourcesBuildPhase;
			buildActionMask = 2147483647;
			files = (
			);
			runOnlyForDeploymentPostprocessing = 0;
		};
/* End PBXResourcesBuildPhase section */

/* Begin PBXSourcesBuildPhase section */
		25CDADC828F94D0C00AA88C1 /* Sources */ = {
			isa = PBXSourcesBuildPhase;
			buildActionMask = 2147483647;
			files = (
				25CDAE4928F9562200AA88C1 /* ConnectionProvider.swift in Sources */,
				25CDADD228F94D0C00AA88C1 /* ContentView.swift in Sources */,
				258F201B2926DAF40025D816 /* GlobalModel.swift in Sources */,
				25CDAE4728F94E6F00AA88C1 /* ProgramObject.swift in Sources */,
				25CDADD028F94D0C00AA88C1 /* WaspCat499CsumbApp.swift in Sources */,
				259FE1B82921D48F00E8832D /* NewClassView.swift in Sources */,
				25CDAE4528F94E3200AA88C1 /* ProgramView.swift in Sources */,
				259FE1B62921D3F900E8832D /* EditClassView.swift in Sources */,
				25C2B366291C473600FFDBD7 /* LoadingScreenView.swift in Sources */,
				250B94152901EF52007A7D81 /* ProgramViewModel.swift in Sources */,
			);
			runOnlyForDeploymentPostprocessing = 0;
		};
		25CDADD828F94D0E00AA88C1 /* Sources */ = {
			isa = PBXSourcesBuildPhase;
			buildActionMask = 2147483647;
			files = (
				258F201C2926DAF40025D816 /* GlobalModel.swift in Sources */,
				25CDADE128F94D0E00AA88C1 /* WaspCat499CsumbTests.swift in Sources */,
			);
			runOnlyForDeploymentPostprocessing = 0;
		};
		25CDADE228F94D0E00AA88C1 /* Sources */ = {
			isa = PBXSourcesBuildPhase;
			buildActionMask = 2147483647;
			files = (
				25CDADED28F94D0E00AA88C1 /* WaspCat499CsumbUITestsLaunchTests.swift in Sources */,
				25CDADEB28F94D0E00AA88C1 /* WaspCat499CsumbUITests.swift in Sources */,
				258F201D2926DAF40025D816 /* GlobalModel.swift in Sources */,
			);
			runOnlyForDeploymentPostprocessing = 0;
		};
		25CDADF728F94D0F00AA88C1 /* Sources */ = {
			isa = PBXSourcesBuildPhase;
			buildActionMask = 2147483647;
			files = (
				25F9685729024C14000A8CC2 /* ProgramViewModel.swift in Sources */,
				25F9685629024C10000A8CC2 /* ConnectionProvider.swift in Sources */,
				258F201E2926DAF40025D816 /* GlobalModel.swift in Sources */,
				25F9685929024CA7000A8CC2 /* ProgContentView.swift in Sources */,
				25F9685529024C0A000A8CC2 /* ProgramObject.swift in Sources */,
				25CDAE0528F94D0F00AA88C1 /* NotificationController.swift in Sources */,
				25CDAE0328F94D0F00AA88C1 /* ContentView.swift in Sources */,
				25CDAE0928F94D0F00AA88C1 /* ComplicationController.swift in Sources */,
				25CDAE0128F94D0F00AA88C1 /* WaspCat499CsumbApp.swift in Sources */,
				25CDAE0728F94D0F00AA88C1 /* NotificationView.swift in Sources */,
			);
			runOnlyForDeploymentPostprocessing = 0;
		};
		25CDAE1128F94D1000AA88C1 /* Sources */ = {
			isa = PBXSourcesBuildPhase;
			buildActionMask = 2147483647;
			files = (
				25CDAE1A28F94D1000AA88C1 /* WaspCat499Csumb_WatchKit_AppTests.swift in Sources */,
			);
			runOnlyForDeploymentPostprocessing = 0;
		};
		25CDAE1B28F94D1000AA88C1 /* Sources */ = {
			isa = PBXSourcesBuildPhase;
			buildActionMask = 2147483647;
			files = (
				25CDAE2428F94D1000AA88C1 /* WaspCat499Csumb_WatchKit_AppUITests.swift in Sources */,
				25CDAE2628F94D1000AA88C1 /* WaspCat499Csumb_WatchKit_AppUITestsLaunchTests.swift in Sources */,
			);
			runOnlyForDeploymentPostprocessing = 0;
		};
/* End PBXSourcesBuildPhase section */

/* Begin PBXTargetDependency section */
		25CDADDE28F94D0E00AA88C1 /* PBXTargetDependency */ = {
			isa = PBXTargetDependency;
			target = 25CDADCB28F94D0C00AA88C1 /* WaspCat499Csumb */;
			targetProxy = 25CDADDD28F94D0E00AA88C1 /* PBXContainerItemProxy */;
		};
		25CDADE828F94D0E00AA88C1 /* PBXTargetDependency */ = {
			isa = PBXTargetDependency;
			target = 25CDADCB28F94D0C00AA88C1 /* WaspCat499Csumb */;
			targetProxy = 25CDADE728F94D0E00AA88C1 /* PBXContainerItemProxy */;
		};
		25CDADF328F94D0E00AA88C1 /* PBXTargetDependency */ = {
			isa = PBXTargetDependency;
			target = 25CDADEF28F94D0E00AA88C1 /* WaspCat499Csumb WatchKit App */;
			targetProxy = 25CDADF228F94D0E00AA88C1 /* PBXContainerItemProxy */;
		};
		25CDADFE28F94D0F00AA88C1 /* PBXTargetDependency */ = {
			isa = PBXTargetDependency;
			target = 25CDADFA28F94D0F00AA88C1 /* WaspCat499Csumb WatchKit Extension */;
			targetProxy = 25CDADFD28F94D0F00AA88C1 /* PBXContainerItemProxy */;
		};
		25CDAE1728F94D1000AA88C1 /* PBXTargetDependency */ = {
			isa = PBXTargetDependency;
			target = 25CDADFA28F94D0F00AA88C1 /* WaspCat499Csumb WatchKit Extension */;
			targetProxy = 25CDAE1628F94D1000AA88C1 /* PBXContainerItemProxy */;
		};
		25CDAE2128F94D1000AA88C1 /* PBXTargetDependency */ = {
			isa = PBXTargetDependency;
			target = 25CDADEF28F94D0E00AA88C1 /* WaspCat499Csumb WatchKit App */;
			targetProxy = 25CDAE2028F94D1000AA88C1 /* PBXContainerItemProxy */;
		};
/* End PBXTargetDependency section */

/* Begin XCBuildConfiguration section */
		25CDAE2728F94D1000AA88C1 /* Debug */ = {
			isa = XCBuildConfiguration;
			buildSettings = {
				ALWAYS_SEARCH_USER_PATHS = NO;
				CLANG_ANALYZER_NONNULL = YES;
				CLANG_ANALYZER_NUMBER_OBJECT_CONVERSION = YES_AGGRESSIVE;
				CLANG_CXX_LANGUAGE_STANDARD = "gnu++17";
				CLANG_CXX_LIBRARY = "libc++";
				CLANG_ENABLE_MODULES = YES;
				CLANG_ENABLE_OBJC_ARC = YES;
				CLANG_ENABLE_OBJC_WEAK = YES;
				CLANG_WARN_BLOCK_CAPTURE_AUTORELEASING = YES;
				CLANG_WARN_BOOL_CONVERSION = YES;
				CLANG_WARN_COMMA = YES;
				CLANG_WARN_CONSTANT_CONVERSION = YES;
				CLANG_WARN_DEPRECATED_OBJC_IMPLEMENTATIONS = YES;
				CLANG_WARN_DIRECT_OBJC_ISA_USAGE = YES_ERROR;
				CLANG_WARN_DOCUMENTATION_COMMENTS = YES;
				CLANG_WARN_EMPTY_BODY = YES;
				CLANG_WARN_ENUM_CONVERSION = YES;
				CLANG_WARN_INFINITE_RECURSION = YES;
				CLANG_WARN_INT_CONVERSION = YES;
				CLANG_WARN_NON_LITERAL_NULL_CONVERSION = YES;
				CLANG_WARN_OBJC_IMPLICIT_RETAIN_SELF = YES;
				CLANG_WARN_OBJC_LITERAL_CONVERSION = YES;
				CLANG_WARN_OBJC_ROOT_CLASS = YES_ERROR;
				CLANG_WARN_QUOTED_INCLUDE_IN_FRAMEWORK_HEADER = YES;
				CLANG_WARN_RANGE_LOOP_ANALYSIS = YES;
				CLANG_WARN_STRICT_PROTOTYPES = YES;
				CLANG_WARN_SUSPICIOUS_MOVE = YES;
				CLANG_WARN_UNGUARDED_AVAILABILITY = YES_AGGRESSIVE;
				CLANG_WARN_UNREACHABLE_CODE = YES;
				CLANG_WARN__DUPLICATE_METHOD_MATCH = YES;
				COPY_PHASE_STRIP = NO;
				DEBUG_INFORMATION_FORMAT = dwarf;
				ENABLE_STRICT_OBJC_MSGSEND = YES;
				ENABLE_TESTABILITY = YES;
				GCC_C_LANGUAGE_STANDARD = gnu11;
				GCC_DYNAMIC_NO_PIC = NO;
				GCC_NO_COMMON_BLOCKS = YES;
				GCC_OPTIMIZATION_LEVEL = 0;
				GCC_PREPROCESSOR_DEFINITIONS = (
					"DEBUG=1",
					"$(inherited)",
				);
				GCC_WARN_64_TO_32_BIT_CONVERSION = YES;
				GCC_WARN_ABOUT_RETURN_TYPE = YES_ERROR;
				GCC_WARN_UNDECLARED_SELECTOR = YES;
				GCC_WARN_UNINITIALIZED_AUTOS = YES_AGGRESSIVE;
				GCC_WARN_UNUSED_FUNCTION = YES;
				GCC_WARN_UNUSED_VARIABLE = YES;
				MTL_ENABLE_DEBUG_INFO = INCLUDE_SOURCE;
				MTL_FAST_MATH = YES;
				ONLY_ACTIVE_ARCH = YES;
				SWIFT_ACTIVE_COMPILATION_CONDITIONS = DEBUG;
				SWIFT_OPTIMIZATION_LEVEL = "-Onone";
			};
			name = Debug;
		};
		25CDAE2828F94D1000AA88C1 /* Release */ = {
			isa = XCBuildConfiguration;
			buildSettings = {
				ALWAYS_SEARCH_USER_PATHS = NO;
				CLANG_ANALYZER_NONNULL = YES;
				CLANG_ANALYZER_NUMBER_OBJECT_CONVERSION = YES_AGGRESSIVE;
				CLANG_CXX_LANGUAGE_STANDARD = "gnu++17";
				CLANG_CXX_LIBRARY = "libc++";
				CLANG_ENABLE_MODULES = YES;
				CLANG_ENABLE_OBJC_ARC = YES;
				CLANG_ENABLE_OBJC_WEAK = YES;
				CLANG_WARN_BLOCK_CAPTURE_AUTORELEASING = YES;
				CLANG_WARN_BOOL_CONVERSION = YES;
				CLANG_WARN_COMMA = YES;
				CLANG_WARN_CONSTANT_CONVERSION = YES;
				CLANG_WARN_DEPRECATED_OBJC_IMPLEMENTATIONS = YES;
				CLANG_WARN_DIRECT_OBJC_ISA_USAGE = YES_ERROR;
				CLANG_WARN_DOCUMENTATION_COMMENTS = YES;
				CLANG_WARN_EMPTY_BODY = YES;
				CLANG_WARN_ENUM_CONVERSION = YES;
				CLANG_WARN_INFINITE_RECURSION = YES;
				CLANG_WARN_INT_CONVERSION = YES;
				CLANG_WARN_NON_LITERAL_NULL_CONVERSION = YES;
				CLANG_WARN_OBJC_IMPLICIT_RETAIN_SELF = YES;
				CLANG_WARN_OBJC_LITERAL_CONVERSION = YES;
				CLANG_WARN_OBJC_ROOT_CLASS = YES_ERROR;
				CLANG_WARN_QUOTED_INCLUDE_IN_FRAMEWORK_HEADER = YES;
				CLANG_WARN_RANGE_LOOP_ANALYSIS = YES;
				CLANG_WARN_STRICT_PROTOTYPES = YES;
				CLANG_WARN_SUSPICIOUS_MOVE = YES;
				CLANG_WARN_UNGUARDED_AVAILABILITY = YES_AGGRESSIVE;
				CLANG_WARN_UNREACHABLE_CODE = YES;
				CLANG_WARN__DUPLICATE_METHOD_MATCH = YES;
				COPY_PHASE_STRIP = NO;
				DEBUG_INFORMATION_FORMAT = "dwarf-with-dsym";
				ENABLE_NS_ASSERTIONS = NO;
				ENABLE_STRICT_OBJC_MSGSEND = YES;
				GCC_C_LANGUAGE_STANDARD = gnu11;
				GCC_NO_COMMON_BLOCKS = YES;
				GCC_WARN_64_TO_32_BIT_CONVERSION = YES;
				GCC_WARN_ABOUT_RETURN_TYPE = YES_ERROR;
				GCC_WARN_UNDECLARED_SELECTOR = YES;
				GCC_WARN_UNINITIALIZED_AUTOS = YES_AGGRESSIVE;
				GCC_WARN_UNUSED_FUNCTION = YES;
				GCC_WARN_UNUSED_VARIABLE = YES;
				MTL_ENABLE_DEBUG_INFO = NO;
				MTL_FAST_MATH = YES;
				SWIFT_COMPILATION_MODE = wholemodule;
				SWIFT_OPTIMIZATION_LEVEL = "-O";
			};
			name = Release;
		};
		25CDAE2A28F94D1000AA88C1 /* Debug */ = {
			isa = XCBuildConfiguration;
			buildSettings = {
				ASSETCATALOG_COMPILER_COMPLICATION_NAME = Complication;
				CODE_SIGN_STYLE = Automatic;
				CURRENT_PROJECT_VERSION = 1;
				DEVELOPMENT_ASSET_PATHS = "\"WaspCat499Csumb WatchKit Extension/Preview Content\"";
				DEVELOPMENT_TEAM = 4KDBAZ3U52;
				ENABLE_PREVIEWS = YES;
				GENERATE_INFOPLIST_FILE = YES;
				INFOPLIST_FILE = "WaspCat499Csumb WatchKit Extension/Info.plist";
				INFOPLIST_KEY_CFBundleDisplayName = "WaspCat499Csumb WatchKit Extension";
				INFOPLIST_KEY_CLKComplicationPrincipalClass = "$(PRODUCT_MODULE_NAME).ComplicationController";
				INFOPLIST_KEY_NSHumanReadableCopyright = "";
				INFOPLIST_KEY_WKRunsIndependentlyOfCompanionApp = YES;
				LD_RUNPATH_SEARCH_PATHS = (
					"$(inherited)",
					"@executable_path/Frameworks",
					"@executable_path/../../Frameworks",
				);
				MARKETING_VERSION = 1.0;
				PRODUCT_BUNDLE_IDENTIFIER = SCAR.WaspCat499Csumb.watchkitapp.watchkitextension;
				PRODUCT_NAME = "${TARGET_NAME}";
				SDKROOT = watchos;
				SKIP_INSTALL = YES;
				SWIFT_EMIT_LOC_STRINGS = YES;
				SWIFT_VERSION = 5.0;
				TARGETED_DEVICE_FAMILY = 4;
				WATCHOS_DEPLOYMENT_TARGET = 8.3;
			};
			name = Debug;
		};
		25CDAE2B28F94D1000AA88C1 /* Release */ = {
			isa = XCBuildConfiguration;
			buildSettings = {
				ASSETCATALOG_COMPILER_COMPLICATION_NAME = Complication;
				CODE_SIGN_STYLE = Automatic;
				CURRENT_PROJECT_VERSION = 1;
				DEVELOPMENT_ASSET_PATHS = "\"WaspCat499Csumb WatchKit Extension/Preview Content\"";
				DEVELOPMENT_TEAM = 4KDBAZ3U52;
				ENABLE_PREVIEWS = YES;
				GENERATE_INFOPLIST_FILE = YES;
				INFOPLIST_FILE = "WaspCat499Csumb WatchKit Extension/Info.plist";
				INFOPLIST_KEY_CFBundleDisplayName = "WaspCat499Csumb WatchKit Extension";
				INFOPLIST_KEY_CLKComplicationPrincipalClass = "$(PRODUCT_MODULE_NAME).ComplicationController";
				INFOPLIST_KEY_NSHumanReadableCopyright = "";
				INFOPLIST_KEY_WKRunsIndependentlyOfCompanionApp = YES;
				LD_RUNPATH_SEARCH_PATHS = (
					"$(inherited)",
					"@executable_path/Frameworks",
					"@executable_path/../../Frameworks",
				);
				MARKETING_VERSION = 1.0;
				PRODUCT_BUNDLE_IDENTIFIER = SCAR.WaspCat499Csumb.watchkitapp.watchkitextension;
				PRODUCT_NAME = "${TARGET_NAME}";
				SDKROOT = watchos;
				SKIP_INSTALL = YES;
				SWIFT_EMIT_LOC_STRINGS = YES;
				SWIFT_VERSION = 5.0;
				TARGETED_DEVICE_FAMILY = 4;
				VALIDATE_PRODUCT = YES;
				WATCHOS_DEPLOYMENT_TARGET = 8.3;
			};
			name = Release;
		};
		25CDAE2E28F94D1000AA88C1 /* Debug */ = {
			isa = XCBuildConfiguration;
			buildSettings = {
				ALWAYS_EMBED_SWIFT_STANDARD_LIBRARIES = YES;
				ASSETCATALOG_COMPILER_APPICON_NAME = AppIcon;
				ASSETCATALOG_COMPILER_GLOBAL_ACCENT_COLOR_NAME = AccentColor;
				CLANG_ENABLE_MODULES = YES;
				CODE_SIGN_STYLE = Automatic;
				CURRENT_PROJECT_VERSION = 1;
				DEVELOPMENT_TEAM = 4KDBAZ3U52;
				GENERATE_INFOPLIST_FILE = YES;
				IBSC_MODULE = WaspCat499Csumb_WatchKit_Extension;
				INFOPLIST_KEY_CFBundleDisplayName = "WaspCat499Csumb WatchKit App";
				INFOPLIST_KEY_UISupportedInterfaceOrientations = "UIInterfaceOrientationPortrait UIInterfaceOrientationPortraitUpsideDown";
				INFOPLIST_KEY_WKCompanionAppBundleIdentifier = SCAR.WaspCat499Csumb;
				LD_RUNPATH_SEARCH_PATHS = (
					"$(inherited)",
					"@executable_path/../Frameworks",
					"@loader_path/../Frameworks",
				);
				MARKETING_VERSION = 1.0;
				PRODUCT_BUNDLE_IDENTIFIER = SCAR.WaspCat499Csumb.watchkitapp;
				PRODUCT_NAME = "$(TARGET_NAME)";
				SDKROOT = watchos;
				SKIP_INSTALL = YES;
				SWIFT_EMIT_LOC_STRINGS = YES;
				SWIFT_OBJC_BRIDGING_HEADER = "WaspCat499Csumb/Classes/WaspCat499Csumb WatchKit App-Bridging-Header.h";
				SWIFT_OPTIMIZATION_LEVEL = "-Onone";
				SWIFT_VERSION = 5.0;
				TARGETED_DEVICE_FAMILY = 4;
				WATCHOS_DEPLOYMENT_TARGET = 8.3;
			};
			name = Debug;
		};
		25CDAE2F28F94D1000AA88C1 /* Release */ = {
			isa = XCBuildConfiguration;
			buildSettings = {
				ALWAYS_EMBED_SWIFT_STANDARD_LIBRARIES = YES;
				ASSETCATALOG_COMPILER_APPICON_NAME = AppIcon;
				ASSETCATALOG_COMPILER_GLOBAL_ACCENT_COLOR_NAME = AccentColor;
				CLANG_ENABLE_MODULES = YES;
				CODE_SIGN_STYLE = Automatic;
				CURRENT_PROJECT_VERSION = 1;
				DEVELOPMENT_TEAM = 4KDBAZ3U52;
				GENERATE_INFOPLIST_FILE = YES;
				IBSC_MODULE = WaspCat499Csumb_WatchKit_Extension;
				INFOPLIST_KEY_CFBundleDisplayName = "WaspCat499Csumb WatchKit App";
				INFOPLIST_KEY_UISupportedInterfaceOrientations = "UIInterfaceOrientationPortrait UIInterfaceOrientationPortraitUpsideDown";
				INFOPLIST_KEY_WKCompanionAppBundleIdentifier = SCAR.WaspCat499Csumb;
				LD_RUNPATH_SEARCH_PATHS = (
					"$(inherited)",
					"@executable_path/../Frameworks",
					"@loader_path/../Frameworks",
				);
				MARKETING_VERSION = 1.0;
				PRODUCT_BUNDLE_IDENTIFIER = SCAR.WaspCat499Csumb.watchkitapp;
				PRODUCT_NAME = "$(TARGET_NAME)";
				SDKROOT = watchos;
				SKIP_INSTALL = YES;
				SWIFT_EMIT_LOC_STRINGS = YES;
				SWIFT_OBJC_BRIDGING_HEADER = "WaspCat499Csumb/Classes/WaspCat499Csumb WatchKit App-Bridging-Header.h";
				SWIFT_VERSION = 5.0;
				TARGETED_DEVICE_FAMILY = 4;
				VALIDATE_PRODUCT = YES;
				WATCHOS_DEPLOYMENT_TARGET = 8.3;
			};
			name = Release;
		};
		25CDAE3228F94D1000AA88C1 /* Debug */ = {
			isa = XCBuildConfiguration;
			buildSettings = {
				ASSETCATALOG_COMPILER_APPICON_NAME = AppIcon;
				ASSETCATALOG_COMPILER_GLOBAL_ACCENT_COLOR_NAME = AccentColor;
				CODE_SIGN_STYLE = Automatic;
				CURRENT_PROJECT_VERSION = 1;
				DEVELOPMENT_ASSET_PATHS = "\"WaspCat499Csumb/Preview Content\"";
				DEVELOPMENT_TEAM = 4KDBAZ3U52;
				ENABLE_PREVIEWS = YES;
				GENERATE_INFOPLIST_FILE = YES;
				INFOPLIST_KEY_UIApplicationSceneManifest_Generation = YES;
				INFOPLIST_KEY_UIApplicationSupportsIndirectInputEvents = YES;
				INFOPLIST_KEY_UILaunchScreen_Generation = YES;
				INFOPLIST_KEY_UISupportedInterfaceOrientations_iPad = "UIInterfaceOrientationPortrait UIInterfaceOrientationPortraitUpsideDown UIInterfaceOrientationLandscapeLeft UIInterfaceOrientationLandscapeRight";
				INFOPLIST_KEY_UISupportedInterfaceOrientations_iPhone = "UIInterfaceOrientationPortrait UIInterfaceOrientationLandscapeLeft UIInterfaceOrientationLandscapeRight";
				IPHONEOS_DEPLOYMENT_TARGET = 15.2;
				LD_RUNPATH_SEARCH_PATHS = (
					"$(inherited)",
					"@executable_path/Frameworks",
				);
				MARKETING_VERSION = 1.0;
				PRODUCT_BUNDLE_IDENTIFIER = SCAR.WaspCat499Csumb;
				PRODUCT_NAME = "$(TARGET_NAME)";
				SDKROOT = iphoneos;
				SWIFT_EMIT_LOC_STRINGS = YES;
				SWIFT_VERSION = 5.0;
				TARGETED_DEVICE_FAMILY = "1,2";
			};
			name = Debug;
		};
		25CDAE3328F94D1000AA88C1 /* Release */ = {
			isa = XCBuildConfiguration;
			buildSettings = {
				ASSETCATALOG_COMPILER_APPICON_NAME = AppIcon;
				ASSETCATALOG_COMPILER_GLOBAL_ACCENT_COLOR_NAME = AccentColor;
				CODE_SIGN_STYLE = Automatic;
				CURRENT_PROJECT_VERSION = 1;
				DEVELOPMENT_ASSET_PATHS = "\"WaspCat499Csumb/Preview Content\"";
				DEVELOPMENT_TEAM = 4KDBAZ3U52;
				ENABLE_PREVIEWS = YES;
				GENERATE_INFOPLIST_FILE = YES;
				INFOPLIST_KEY_UIApplicationSceneManifest_Generation = YES;
				INFOPLIST_KEY_UIApplicationSupportsIndirectInputEvents = YES;
				INFOPLIST_KEY_UILaunchScreen_Generation = YES;
				INFOPLIST_KEY_UISupportedInterfaceOrientations_iPad = "UIInterfaceOrientationPortrait UIInterfaceOrientationPortraitUpsideDown UIInterfaceOrientationLandscapeLeft UIInterfaceOrientationLandscapeRight";
				INFOPLIST_KEY_UISupportedInterfaceOrientations_iPhone = "UIInterfaceOrientationPortrait UIInterfaceOrientationLandscapeLeft UIInterfaceOrientationLandscapeRight";
				IPHONEOS_DEPLOYMENT_TARGET = 15.2;
				LD_RUNPATH_SEARCH_PATHS = (
					"$(inherited)",
					"@executable_path/Frameworks",
				);
				MARKETING_VERSION = 1.0;
				PRODUCT_BUNDLE_IDENTIFIER = SCAR.WaspCat499Csumb;
				PRODUCT_NAME = "$(TARGET_NAME)";
				SDKROOT = iphoneos;
				SWIFT_EMIT_LOC_STRINGS = YES;
				SWIFT_VERSION = 5.0;
				TARGETED_DEVICE_FAMILY = "1,2";
				VALIDATE_PRODUCT = YES;
			};
			name = Release;
		};
		25CDAE3528F94D1000AA88C1 /* Debug */ = {
			isa = XCBuildConfiguration;
			buildSettings = {
				ALWAYS_EMBED_SWIFT_STANDARD_LIBRARIES = YES;
				BUNDLE_LOADER = "$(TEST_HOST)";
				CODE_SIGN_STYLE = Automatic;
				CURRENT_PROJECT_VERSION = 1;
				DEVELOPMENT_TEAM = 4KDBAZ3U52;
				GENERATE_INFOPLIST_FILE = YES;
				IPHONEOS_DEPLOYMENT_TARGET = 15.2;
				MARKETING_VERSION = 1.0;
				PRODUCT_BUNDLE_IDENTIFIER = SCAR.WaspCat499CsumbTests;
				PRODUCT_NAME = "$(TARGET_NAME)";
				SDKROOT = iphoneos;
				SWIFT_EMIT_LOC_STRINGS = NO;
				SWIFT_VERSION = 5.0;
				TARGETED_DEVICE_FAMILY = "1,2";
				TEST_HOST = "$(BUILT_PRODUCTS_DIR)/WaspCat499Csumb.app/WaspCat499Csumb";
			};
			name = Debug;
		};
		25CDAE3628F94D1000AA88C1 /* Release */ = {
			isa = XCBuildConfiguration;
			buildSettings = {
				ALWAYS_EMBED_SWIFT_STANDARD_LIBRARIES = YES;
				BUNDLE_LOADER = "$(TEST_HOST)";
				CODE_SIGN_STYLE = Automatic;
				CURRENT_PROJECT_VERSION = 1;
				DEVELOPMENT_TEAM = 4KDBAZ3U52;
				GENERATE_INFOPLIST_FILE = YES;
				IPHONEOS_DEPLOYMENT_TARGET = 15.2;
				MARKETING_VERSION = 1.0;
				PRODUCT_BUNDLE_IDENTIFIER = SCAR.WaspCat499CsumbTests;
				PRODUCT_NAME = "$(TARGET_NAME)";
				SDKROOT = iphoneos;
				SWIFT_EMIT_LOC_STRINGS = NO;
				SWIFT_VERSION = 5.0;
				TARGETED_DEVICE_FAMILY = "1,2";
				TEST_HOST = "$(BUILT_PRODUCTS_DIR)/WaspCat499Csumb.app/WaspCat499Csumb";
				VALIDATE_PRODUCT = YES;
			};
			name = Release;
		};
		25CDAE3828F94D1000AA88C1 /* Debug */ = {
			isa = XCBuildConfiguration;
			buildSettings = {
				ALWAYS_EMBED_SWIFT_STANDARD_LIBRARIES = YES;
				CODE_SIGN_STYLE = Automatic;
				CURRENT_PROJECT_VERSION = 1;
				DEVELOPMENT_TEAM = 4KDBAZ3U52;
				GENERATE_INFOPLIST_FILE = YES;
				IPHONEOS_DEPLOYMENT_TARGET = 15.2;
				MARKETING_VERSION = 1.0;
				PRODUCT_BUNDLE_IDENTIFIER = SCAR.WaspCat499CsumbUITests;
				PRODUCT_NAME = "$(TARGET_NAME)";
				SDKROOT = iphoneos;
				SWIFT_EMIT_LOC_STRINGS = NO;
				SWIFT_VERSION = 5.0;
				TARGETED_DEVICE_FAMILY = "1,2";
				TEST_TARGET_NAME = WaspCat499Csumb;
			};
			name = Debug;
		};
		25CDAE3928F94D1000AA88C1 /* Release */ = {
			isa = XCBuildConfiguration;
			buildSettings = {
				ALWAYS_EMBED_SWIFT_STANDARD_LIBRARIES = YES;
				CODE_SIGN_STYLE = Automatic;
				CURRENT_PROJECT_VERSION = 1;
				DEVELOPMENT_TEAM = 4KDBAZ3U52;
				GENERATE_INFOPLIST_FILE = YES;
				IPHONEOS_DEPLOYMENT_TARGET = 15.2;
				MARKETING_VERSION = 1.0;
				PRODUCT_BUNDLE_IDENTIFIER = SCAR.WaspCat499CsumbUITests;
				PRODUCT_NAME = "$(TARGET_NAME)";
				SDKROOT = iphoneos;
				SWIFT_EMIT_LOC_STRINGS = NO;
				SWIFT_VERSION = 5.0;
				TARGETED_DEVICE_FAMILY = "1,2";
				TEST_TARGET_NAME = WaspCat499Csumb;
				VALIDATE_PRODUCT = YES;
			};
			name = Release;
		};
		25CDAE3B28F94D1000AA88C1 /* Debug */ = {
			isa = XCBuildConfiguration;
			buildSettings = {
				ALWAYS_EMBED_SWIFT_STANDARD_LIBRARIES = YES;
				BUNDLE_LOADER = "$(TEST_HOST)";
				CODE_SIGN_STYLE = Automatic;
				CURRENT_PROJECT_VERSION = 1;
				DEVELOPMENT_TEAM = 4KDBAZ3U52;
				GENERATE_INFOPLIST_FILE = YES;
				MARKETING_VERSION = 1.0;
				PRODUCT_BUNDLE_IDENTIFIER = "SCAR.WaspCat499Csumb-WatchKit-AppTests";
				PRODUCT_NAME = "$(TARGET_NAME)";
				SDKROOT = watchos;
				SWIFT_EMIT_LOC_STRINGS = NO;
				SWIFT_VERSION = 5.0;
				TARGETED_DEVICE_FAMILY = 4;
				TEST_HOST = "$(BUILT_PRODUCTS_DIR)/WaspCat499Csumb WatchKit Extension.appex/WaspCat499Csumb WatchKit Extension";
				WATCHOS_DEPLOYMENT_TARGET = 8.3;
			};
			name = Debug;
		};
		25CDAE3C28F94D1000AA88C1 /* Release */ = {
			isa = XCBuildConfiguration;
			buildSettings = {
				ALWAYS_EMBED_SWIFT_STANDARD_LIBRARIES = YES;
				BUNDLE_LOADER = "$(TEST_HOST)";
				CODE_SIGN_STYLE = Automatic;
				CURRENT_PROJECT_VERSION = 1;
				DEVELOPMENT_TEAM = 4KDBAZ3U52;
				GENERATE_INFOPLIST_FILE = YES;
				MARKETING_VERSION = 1.0;
				PRODUCT_BUNDLE_IDENTIFIER = "SCAR.WaspCat499Csumb-WatchKit-AppTests";
				PRODUCT_NAME = "$(TARGET_NAME)";
				SDKROOT = watchos;
				SWIFT_EMIT_LOC_STRINGS = NO;
				SWIFT_VERSION = 5.0;
				TARGETED_DEVICE_FAMILY = 4;
				TEST_HOST = "$(BUILT_PRODUCTS_DIR)/WaspCat499Csumb WatchKit Extension.appex/WaspCat499Csumb WatchKit Extension";
				VALIDATE_PRODUCT = YES;
				WATCHOS_DEPLOYMENT_TARGET = 8.3;
			};
			name = Release;
		};
		25CDAE3E28F94D1000AA88C1 /* Debug */ = {
			isa = XCBuildConfiguration;
			buildSettings = {
				CODE_SIGN_STYLE = Automatic;
				CURRENT_PROJECT_VERSION = 1;
				DEVELOPMENT_TEAM = 4KDBAZ3U52;
				GENERATE_INFOPLIST_FILE = YES;
				MARKETING_VERSION = 1.0;
				PRODUCT_BUNDLE_IDENTIFIER = "SCAR.WaspCat499Csumb-WatchKit-AppUITests";
				PRODUCT_NAME = "$(TARGET_NAME)";
				SDKROOT = watchos;
				SWIFT_EMIT_LOC_STRINGS = NO;
				SWIFT_VERSION = 5.0;
				TARGETED_DEVICE_FAMILY = 4;
				TEST_TARGET_NAME = "WaspCat499Csumb WatchKit App";
				WATCHOS_DEPLOYMENT_TARGET = 8.3;
			};
			name = Debug;
		};
		25CDAE3F28F94D1000AA88C1 /* Release */ = {
			isa = XCBuildConfiguration;
			buildSettings = {
				CODE_SIGN_STYLE = Automatic;
				CURRENT_PROJECT_VERSION = 1;
				DEVELOPMENT_TEAM = 4KDBAZ3U52;
				GENERATE_INFOPLIST_FILE = YES;
				MARKETING_VERSION = 1.0;
				PRODUCT_BUNDLE_IDENTIFIER = "SCAR.WaspCat499Csumb-WatchKit-AppUITests";
				PRODUCT_NAME = "$(TARGET_NAME)";
				SDKROOT = watchos;
				SWIFT_EMIT_LOC_STRINGS = NO;
				SWIFT_VERSION = 5.0;
				TARGETED_DEVICE_FAMILY = 4;
				TEST_TARGET_NAME = "WaspCat499Csumb WatchKit App";
				VALIDATE_PRODUCT = YES;
				WATCHOS_DEPLOYMENT_TARGET = 8.3;
			};
			name = Release;
		};
/* End XCBuildConfiguration section */

/* Begin XCConfigurationList section */
		25CDADC728F94D0C00AA88C1 /* Build configuration list for PBXProject "WaspCat499Csumb" */ = {
			isa = XCConfigurationList;
			buildConfigurations = (
				25CDAE2728F94D1000AA88C1 /* Debug */,
				25CDAE2828F94D1000AA88C1 /* Release */,
			);
			defaultConfigurationIsVisible = 0;
			defaultConfigurationName = Release;
		};
		25CDAE2928F94D1000AA88C1 /* Build configuration list for PBXNativeTarget "WaspCat499Csumb WatchKit Extension" */ = {
			isa = XCConfigurationList;
			buildConfigurations = (
				25CDAE2A28F94D1000AA88C1 /* Debug */,
				25CDAE2B28F94D1000AA88C1 /* Release */,
			);
			defaultConfigurationIsVisible = 0;
			defaultConfigurationName = Release;
		};
		25CDAE2D28F94D1000AA88C1 /* Build configuration list for PBXNativeTarget "WaspCat499Csumb WatchKit App" */ = {
			isa = XCConfigurationList;
			buildConfigurations = (
				25CDAE2E28F94D1000AA88C1 /* Debug */,
				25CDAE2F28F94D1000AA88C1 /* Release */,
			);
			defaultConfigurationIsVisible = 0;
			defaultConfigurationName = Release;
		};
		25CDAE3128F94D1000AA88C1 /* Build configuration list for PBXNativeTarget "WaspCat499Csumb" */ = {
			isa = XCConfigurationList;
			buildConfigurations = (
				25CDAE3228F94D1000AA88C1 /* Debug */,
				25CDAE3328F94D1000AA88C1 /* Release */,
			);
			defaultConfigurationIsVisible = 0;
			defaultConfigurationName = Release;
		};
		25CDAE3428F94D1000AA88C1 /* Build configuration list for PBXNativeTarget "WaspCat499CsumbTests" */ = {
			isa = XCConfigurationList;
			buildConfigurations = (
				25CDAE3528F94D1000AA88C1 /* Debug */,
				25CDAE3628F94D1000AA88C1 /* Release */,
			);
			defaultConfigurationIsVisible = 0;
			defaultConfigurationName = Release;
		};
		25CDAE3728F94D1000AA88C1 /* Build configuration list for PBXNativeTarget "WaspCat499CsumbUITests" */ = {
			isa = XCConfigurationList;
			buildConfigurations = (
				25CDAE3828F94D1000AA88C1 /* Debug */,
				25CDAE3928F94D1000AA88C1 /* Release */,
			);
			defaultConfigurationIsVisible = 0;
			defaultConfigurationName = Release;
		};
		25CDAE3A28F94D1000AA88C1 /* Build configuration list for PBXNativeTarget "WaspCat499Csumb WatchKit AppTests" */ = {
			isa = XCConfigurationList;
			buildConfigurations = (
				25CDAE3B28F94D1000AA88C1 /* Debug */,
				25CDAE3C28F94D1000AA88C1 /* Release */,
			);
			defaultConfigurationIsVisible = 0;
			defaultConfigurationName = Release;
		};
		25CDAE3D28F94D1000AA88C1 /* Build configuration list for PBXNativeTarget "WaspCat499Csumb WatchKit AppUITests" */ = {
			isa = XCConfigurationList;
			buildConfigurations = (
				25CDAE3E28F94D1000AA88C1 /* Debug */,
				25CDAE3F28F94D1000AA88C1 /* Release */,
			);
			defaultConfigurationIsVisible = 0;
			defaultConfigurationName = Release;
		};
/* End XCConfigurationList section */
	};
	rootObject = 25CDADC428F94D0C00AA88C1 /* Project object */;
}
